
Microsoft Visual Studio Solution File, Format Version 12.00
# Visual Studio Version 17
VisualStudioVersion = 17.10.34916.146
MinimumVisualStudioVersion = 10.0.40219.1
Project("{FAE04EC0-301F-11D3-BF4B-00C04F79EFBC}") = "SIstema_Gestion_De_Tareas", "SIstema_Gestion_De_Tareas\SIstema_Gestion_De_Tareas.csproj", "{AAB5959C-EA3E-4E81-AC13-587652754705}"
EndProject
Global
	GlobalSection(SolutionConfigurationPlatforms) = preSolution
		Debug|Any CPU = Debug|Any CPU
		Release|Any CPU = Release|Any CPU
	EndGlobalSection
	GlobalSection(ProjectConfigurationPlatforms) = postSolution
		{AAB5959C-EA3E-4E81-AC13-587652754705}.Debug|Any CPU.ActiveCfg = Debug|Any CPU
		{AAB5959C-EA3E-4E81-AC13-587652754705}.Debug|Any CPU.Build.0 = Debug|Any CPU
		{AAB5959C-EA3E-4E81-AC13-587652754705}.Release|Any CPU.ActiveCfg = Release|Any CPU
		{AAB5959C-EA3E-4E81-AC13-587652754705}.Release|Any CPU.Build.0 = Release|Any CPU
	EndGlobalSection
	GlobalSection(SolutionProperties) = preSolution
		HideSolutionNode = FALSE
	EndGlobalSection
	GlobalSection(ExtensibilityGlobals) = postSolution
		SolutionGuid = {F5319163-1DBE-436B-877A-0E38F465243F}
	EndGlobalSection
EndGlobal
